
Microsoft Visual Studio Solution File, Format Version 12.00
# Visual Studio Version 17
VisualStudioVersion = 17.0.32126.317
MinimumVisualStudioVersion = 10.0.40219.1
Project("{9A19103F-16F7-4668-BE54-9A1E7A4F7556}") = "CakeShop.Data", "oenik_prog3_2020_2_d3sgxj\CakeShop.Data.csproj", "{7EFE0357-DAE0-47D4-A860-2328A8C9CCBA}"
EndProject
Project("{9A19103F-16F7-4668-BE54-9A1E7A4F7556}") = "CakeShop.Repository", "CakeShop.Repository\CakeShop.Repository.csproj", "{AB2A20EB-E7F6-4D34-A2AF-633E3376B0CC}"
EndProject
Project("{9A19103F-16F7-4668-BE54-9A1E7A4F7556}") = "CakeShop.Logic", "CakeShop.Logic\CakeShop.Logic.csproj", "{256D2EF4-295B-4E6F-8D28-67C8B6693683}"
EndProject
Project("{9A19103F-16F7-4668-BE54-9A1E7A4F7556}") = "CakeManagementApp", "CakeManagementApp\CakeManagementApp.csproj", "{4115FD1B-8B57-43E1-8B65-D68CF2FE6F39}"
EndProject
Project("{FAE04EC0-301F-11D3-BF4B-00C04F79EFBC}") = "CakeManagement.JSClient", "CakeManagement.JSClient\CakeManagement.JSClient.csproj", "{8FF8F987-9CFC-46C9-9C77-CB92B1877FCD}"
EndProject
Project("{FAE04EC0-301F-11D3-BF4B-00C04F79EFBC}") = "CakeManagement.Endpoint", "CakeManagement.Endpoint\CakeManagement.Endpoint.csproj", "{AD37EC94-B09B-4ECE-9126-5B96F67B6850}"
EndProject
Global
	GlobalSection(SolutionConfigurationPlatforms) = preSolution
		Debug|Any CPU = Debug|Any CPU
		Release|Any CPU = Release|Any CPU
	EndGlobalSection
	GlobalSection(ProjectConfigurationPlatforms) = postSolution
		{7EFE0357-DAE0-47D4-A860-2328A8C9CCBA}.Debug|Any CPU.ActiveCfg = Debug|Any CPU
		{7EFE0357-DAE0-47D4-A860-2328A8C9CCBA}.Debug|Any CPU.Build.0 = Debug|Any CPU
		{7EFE0357-DAE0-47D4-A860-2328A8C9CCBA}.Release|Any CPU.ActiveCfg = Release|Any CPU
		{7EFE0357-DAE0-47D4-A860-2328A8C9CCBA}.Release|Any CPU.Build.0 = Release|Any CPU
		{AB2A20EB-E7F6-4D34-A2AF-633E3376B0CC}.Debug|Any CPU.ActiveCfg = Debug|Any CPU
		{AB2A20EB-E7F6-4D34-A2AF-633E3376B0CC}.Debug|Any CPU.Build.0 = Debug|Any CPU
		{AB2A20EB-E7F6-4D34-A2AF-633E3376B0CC}.Release|Any CPU.ActiveCfg = Release|Any CPU
		{AB2A20EB-E7F6-4D34-A2AF-633E3376B0CC}.Release|Any CPU.Build.0 = Release|Any CPU
		{256D2EF4-295B-4E6F-8D28-67C8B6693683}.Debug|Any CPU.ActiveCfg = Debug|Any CPU
		{256D2EF4-295B-4E6F-8D28-67C8B6693683}.Debug|Any CPU.Build.0 = Debug|Any CPU
		{256D2EF4-295B-4E6F-8D28-67C8B6693683}.Release|Any CPU.ActiveCfg = Release|Any CPU
		{256D2EF4-295B-4E6F-8D28-67C8B6693683}.Release|Any CPU.Build.0 = Release|Any CPU
		{4115FD1B-8B57-43E1-8B65-D68CF2FE6F39}.Debug|Any CPU.ActiveCfg = Debug|Any CPU
		{4115FD1B-8B57-43E1-8B65-D68CF2FE6F39}.Debug|Any CPU.Build.0 = Debug|Any CPU
		{4115FD1B-8B57-43E1-8B65-D68CF2FE6F39}.Release|Any CPU.ActiveCfg = Release|Any CPU
		{4115FD1B-8B57-43E1-8B65-D68CF2FE6F39}.Release|Any CPU.Build.0 = Release|Any CPU
		{8FF8F987-9CFC-46C9-9C77-CB92B1877FCD}.Debug|Any CPU.ActiveCfg = Debug|Any CPU
		{8FF8F987-9CFC-46C9-9C77-CB92B1877FCD}.Debug|Any CPU.Build.0 = Debug|Any CPU
		{8FF8F987-9CFC-46C9-9C77-CB92B1877FCD}.Release|Any CPU.ActiveCfg = Release|Any CPU
		{8FF8F987-9CFC-46C9-9C77-CB92B1877FCD}.Release|Any CPU.Build.0 = Release|Any CPU
		{AD37EC94-B09B-4ECE-9126-5B96F67B6850}.Debug|Any CPU.ActiveCfg = Debug|Any CPU
		{AD37EC94-B09B-4ECE-9126-5B96F67B6850}.Debug|Any CPU.Build.0 = Debug|Any CPU
		{AD37EC94-B09B-4ECE-9126-5B96F67B6850}.Release|Any CPU.ActiveCfg = Release|Any CPU
		{AD37EC94-B09B-4ECE-9126-5B96F67B6850}.Release|Any CPU.Build.0 = Release|Any CPU
	EndGlobalSection
	GlobalSection(SolutionProperties) = preSolution
		HideSolutionNode = FALSE
	EndGlobalSection
	GlobalSection(ExtensibilityGlobals) = postSolution
		SolutionGuid = {2A704077-5414-4F4D-B48C-5331A12934FD}
	EndGlobalSection
EndGlobal
